
Microsoft Visual Studio Solution File, Format Version 12.00
# Visual Studio Version 17
VisualStudioVersion = 17.10.35122.118
MinimumVisualStudioVersion = 10.0.40219.1
Project("{9A19103F-16F7-4668-BE54-9A1E7A4F7556}") = "AdminDashboardB", "AdminDashboardB\AdminDashboardB.csproj", "{18F197EB-5DC2-4AC6-B8FA-FBA6E5BF9ACE}"
EndProject
Project("{9A19103F-16F7-4668-BE54-9A1E7A4F7556}") = "DbContextB", "DbContextB\DbContextB.csproj", "{09A3124A-4287-40C3-8AAF-4EF073FAB4A5}"
EndProject
Project("{9A19103F-16F7-4668-BE54-9A1E7A4F7556}") = "ModelsB", "ModelsB\ModelsB.csproj", "{A6C48D87-6E17-4E7F-A9BA-2F9D86C67DD5}"
EndProject
Project("{9A19103F-16F7-4668-BE54-9A1E7A4F7556}") = "InfrastructureB", "InfrastructureB\InfrastructureB.csproj", "{74E724FB-74F1-425A-AFC1-3DCF2A3820A2}"
EndProject
Project("{9A19103F-16F7-4668-BE54-9A1E7A4F7556}") = "ApplicationB", "ApplicationB\ApplicationB.csproj", "{6E966295-A567-418D-9BC4-EE3373F752F0}"
EndProject
Project("{9A19103F-16F7-4668-BE54-9A1E7A4F7556}") = "DTOsB", "DTOsB\DTOsB.csproj", "{11278AA7-930A-47ED-8EB9-45F7DEB3159C}"
EndProject
Project("{FAE04EC0-301F-11D3-BF4B-00C04F79EFBC}") = "B-Tech.API", "B-Tech.API\B-Tech.API.csproj", "{69F68FFD-A418-40EB-AAB2-1C28C16F2D8C}"
EndProject
Global
	GlobalSection(SolutionConfigurationPlatforms) = preSolution
		Debug|Any CPU = Debug|Any CPU
		Release|Any CPU = Release|Any CPU
	EndGlobalSection
	GlobalSection(ProjectConfigurationPlatforms) = postSolution
		{18F197EB-5DC2-4AC6-B8FA-FBA6E5BF9ACE}.Debug|Any CPU.ActiveCfg = Debug|Any CPU
		{18F197EB-5DC2-4AC6-B8FA-FBA6E5BF9ACE}.Debug|Any CPU.Build.0 = Debug|Any CPU
		{18F197EB-5DC2-4AC6-B8FA-FBA6E5BF9ACE}.Release|Any CPU.ActiveCfg = Release|Any CPU
		{18F197EB-5DC2-4AC6-B8FA-FBA6E5BF9ACE}.Release|Any CPU.Build.0 = Release|Any CPU
		{09A3124A-4287-40C3-8AAF-4EF073FAB4A5}.Debug|Any CPU.ActiveCfg = Debug|Any CPU
		{09A3124A-4287-40C3-8AAF-4EF073FAB4A5}.Debug|Any CPU.Build.0 = Debug|Any CPU
		{09A3124A-4287-40C3-8AAF-4EF073FAB4A5}.Release|Any CPU.ActiveCfg = Release|Any CPU
		{09A3124A-4287-40C3-8AAF-4EF073FAB4A5}.Release|Any CPU.Build.0 = Release|Any CPU
		{A6C48D87-6E17-4E7F-A9BA-2F9D86C67DD5}.Debug|Any CPU.ActiveCfg = Debug|Any CPU
		{A6C48D87-6E17-4E7F-A9BA-2F9D86C67DD5}.Debug|Any CPU.Build.0 = Debug|Any CPU
		{A6C48D87-6E17-4E7F-A9BA-2F9D86C67DD5}.Release|Any CPU.ActiveCfg = Release|Any CPU
		{A6C48D87-6E17-4E7F-A9BA-2F9D86C67DD5}.Release|Any CPU.Build.0 = Release|Any CPU
		{74E724FB-74F1-425A-AFC1-3DCF2A3820A2}.Debug|Any CPU.ActiveCfg = Debug|Any CPU
		{74E724FB-74F1-425A-AFC1-3DCF2A3820A2}.Debug|Any CPU.Build.0 = Debug|Any CPU
		{74E724FB-74F1-425A-AFC1-3DCF2A3820A2}.Release|Any CPU.ActiveCfg = Release|Any CPU
		{74E724FB-74F1-425A-AFC1-3DCF2A3820A2}.Release|Any CPU.Build.0 = Release|Any CPU
		{6E966295-A567-418D-9BC4-EE3373F752F0}.Debug|Any CPU.ActiveCfg = Debug|Any CPU
		{6E966295-A567-418D-9BC4-EE3373F752F0}.Debug|Any CPU.Build.0 = Debug|Any CPU
		{6E966295-A567-418D-9BC4-EE3373F752F0}.Release|Any CPU.ActiveCfg = Release|Any CPU
		{6E966295-A567-418D-9BC4-EE3373F752F0}.Release|Any CPU.Build.0 = Release|Any CPU
		{11278AA7-930A-47ED-8EB9-45F7DEB3159C}.Debug|Any CPU.ActiveCfg = Debug|Any CPU
		{11278AA7-930A-47ED-8EB9-45F7DEB3159C}.Debug|Any CPU.Build.0 = Debug|Any CPU
		{11278AA7-930A-47ED-8EB9-45F7DEB3159C}.Release|Any CPU.ActiveCfg = Release|Any CPU
		{11278AA7-930A-47ED-8EB9-45F7DEB3159C}.Release|Any CPU.Build.0 = Release|Any CPU
		{69F68FFD-A418-40EB-AAB2-1C28C16F2D8C}.Debug|Any CPU.ActiveCfg = Debug|Any CPU
		{69F68FFD-A418-40EB-AAB2-1C28C16F2D8C}.Debug|Any CPU.Build.0 = Debug|Any CPU
		{69F68FFD-A418-40EB-AAB2-1C28C16F2D8C}.Release|Any CPU.ActiveCfg = Release|Any CPU
		{69F68FFD-A418-40EB-AAB2-1C28C16F2D8C}.Release|Any CPU.Build.0 = Release|Any CPU
	EndGlobalSection
	GlobalSection(SolutionProperties) = preSolution
		HideSolutionNode = FALSE
	EndGlobalSection
	GlobalSection(ExtensibilityGlobals) = postSolution
		SolutionGuid = {F5A25F7B-9C79-497A-9576-3C0321A743FF}
	EndGlobalSection
EndGlobal
