
Microsoft Visual Studio Solution File, Format Version 12.00
# Visual Studio Version 17
VisualStudioVersion = 17.10.35122.118
MinimumVisualStudioVersion = 10.0.40219.1
Project("{9A19103F-16F7-4668-BE54-9A1E7A4F7556}") = "ApplicationMAFP", "ApplicationMAFP\ApplicationMAFP.csproj", "{A1977160-5821-4975-B607-74E065B1704C}"
EndProject
Project("{9A19103F-16F7-4668-BE54-9A1E7A4F7556}") = "ModelsMAFP", "ModelsMAFP\ModelsMAFP.csproj", "{7C181386-1FFE-4512-96F3-7F72A3CAE098}"
EndProject
Project("{9A19103F-16F7-4668-BE54-9A1E7A4F7556}") = "DTOsMAFP", "DTOsMAFP\DTOsMAFP.csproj", "{021FD31D-228B-4714-A076-AF2B5158B6E2}"
EndProject
Project("{9A19103F-16F7-4668-BE54-9A1E7A4F7556}") = "DbContextMAFP", "DbContextMAFP\DbContextMAFP.csproj", "{8CD0B777-93FF-4710-A2C3-244D43DA290B}"
EndProject
Project("{FAE04EC0-301F-11D3-BF4B-00C04F79EFBC}") = "InfrastructureMAFP", "InfrastructureMAFP\InfrastructureMAFP.csproj", "{E6E3E969-9989-49A4-9D9D-E2B3FB4ACE1B}"
EndProject
Global
	GlobalSection(SolutionConfigurationPlatforms) = preSolution
		Debug|Any CPU = Debug|Any CPU
		Release|Any CPU = Release|Any CPU
	EndGlobalSection
	GlobalSection(ProjectConfigurationPlatforms) = postSolution
		{A1977160-5821-4975-B607-74E065B1704C}.Debug|Any CPU.ActiveCfg = Debug|Any CPU
		{A1977160-5821-4975-B607-74E065B1704C}.Debug|Any CPU.Build.0 = Debug|Any CPU
		{A1977160-5821-4975-B607-74E065B1704C}.Release|Any CPU.ActiveCfg = Release|Any CPU
		{A1977160-5821-4975-B607-74E065B1704C}.Release|Any CPU.Build.0 = Release|Any CPU
		{7C181386-1FFE-4512-96F3-7F72A3CAE098}.Debug|Any CPU.ActiveCfg = Debug|Any CPU
		{7C181386-1FFE-4512-96F3-7F72A3CAE098}.Debug|Any CPU.Build.0 = Debug|Any CPU
		{7C181386-1FFE-4512-96F3-7F72A3CAE098}.Release|Any CPU.ActiveCfg = Release|Any CPU
		{7C181386-1FFE-4512-96F3-7F72A3CAE098}.Release|Any CPU.Build.0 = Release|Any CPU
		{021FD31D-228B-4714-A076-AF2B5158B6E2}.Debug|Any CPU.ActiveCfg = Debug|Any CPU
		{021FD31D-228B-4714-A076-AF2B5158B6E2}.Debug|Any CPU.Build.0 = Debug|Any CPU
		{021FD31D-228B-4714-A076-AF2B5158B6E2}.Release|Any CPU.ActiveCfg = Release|Any CPU
		{021FD31D-228B-4714-A076-AF2B5158B6E2}.Release|Any CPU.Build.0 = Release|Any CPU
		{8CD0B777-93FF-4710-A2C3-244D43DA290B}.Debug|Any CPU.ActiveCfg = Debug|Any CPU
		{8CD0B777-93FF-4710-A2C3-244D43DA290B}.Debug|Any CPU.Build.0 = Debug|Any CPU
		{8CD0B777-93FF-4710-A2C3-244D43DA290B}.Release|Any CPU.ActiveCfg = Release|Any CPU
		{8CD0B777-93FF-4710-A2C3-244D43DA290B}.Release|Any CPU.Build.0 = Release|Any CPU
		{E6E3E969-9989-49A4-9D9D-E2B3FB4ACE1B}.Debug|Any CPU.ActiveCfg = Debug|Any CPU
		{E6E3E969-9989-49A4-9D9D-E2B3FB4ACE1B}.Debug|Any CPU.Build.0 = Debug|Any CPU
		{E6E3E969-9989-49A4-9D9D-E2B3FB4ACE1B}.Release|Any CPU.ActiveCfg = Release|Any CPU
		{E6E3E969-9989-49A4-9D9D-E2B3FB4ACE1B}.Release|Any CPU.Build.0 = Release|Any CPU
	EndGlobalSection
	GlobalSection(SolutionProperties) = preSolution
		HideSolutionNode = FALSE
	EndGlobalSection
	GlobalSection(ExtensibilityGlobals) = postSolution
		SolutionGuid = {A4999AD7-7AED-4ACF-8E15-32E6B70682CB}
	EndGlobalSection
EndGlobal
